// !$*UTF8*$!
{
	archiveVersion = 1;
	classes = {
	};
	objectVersion = 46;
	objects = {

/* Begin PBXFileReference section */
		CF00312B14D7C96700C7D9AA /* code.html */ = {isa = PBXFileReference; lastKnownFileType = text.html; path = code.html; sourceTree = "<group>"; };
/* End PBXFileReference section */

/* Begin PBXGroup section */
		CFB818A414D7C90500381F66 = {
			isa = PBXGroup;
			children = (
				CF00312B14D7C96700C7D9AA /* code.html */,
			);
			sourceTree = "<group>";
		};
/* End PBXGroup section */

/* Begin PBXProject section */
		CFB818A614D7C90500381F66 /* Project object */ = {
			isa = PBXProject;
			attributes = {
				LastUpgradeCheck = 0420;
			};
			buildConfigurationList = CFB818A914D7C90500381F66 /* Build configuration list for PBXProject "Speaker code" */;
			compatibilityVersion = "Xcode 3.2";
			developmentRegion = English;
			hasScannedForEncodings = 0;
			knownRegions = (
				en,
			);
			mainGroup = CFB818A414D7C90500381F66;
			projectDirPath = "";
			projectRoot = "";
			targets = (
			);
		};
/* End PBXProject section */

/* Begin XCBuildConfiguration section */
		CFB818AB14D7C90600381F66 /* Debug */ = {
			isa = XCBuildConfiguration;
			buildSettings = {
			};
			name = Debug;
		};
		CFB818AC14D7C90600381F66 /* Release */ = {
			isa = XCBuildConfiguration;
			buildSettings = {
			};
			name = Release;
		};
/* End XCBuildConfiguration section */

/* Begin XCConfigurationList section */
		CFB818A914D7C90500381F66 /* Build configuration list for PBXProject "Speaker code" */ = {
			isa = XCConfigurationList;
			buildConfigurations = (
				CFB818AB14D7C90600381F66 /* Debug */,
				CFB818AC14D7C90600381F66 /* Release */,
			);
			defaultConfigurationIsVisible = 0;
			defaultConfigurationName = Release;
		};
/* End XCConfigurationList section */
	};
	rootObject = CFB818A614D7C90500381F66 /* Project object */;
}
